// !$*UTF8*$!
{
	archiveVersion = 1;
	classes = {
	};
	objectVersion = 50;
	objects = {

/* Begin PBXBuildFile section */
		DB94E0AD215B1E6C0064A288 /* AppDelegate.swift in Sources */ = {isa = PBXBuildFile; fileRef = DB94E0AC215B1E6C0064A288 /* AppDelegate.swift */; };
		DB94E0AF215B1E6C0064A288 /* GameScene.sks in Resources */ = {isa = PBXBuildFile; fileRef = DB94E0AE215B1E6C0064A288 /* GameScene.sks */; };
		DB94E0B1215B1E6C0064A288 /* Actions.sks in Resources */ = {isa = PBXBuildFile; fileRef = DB94E0B0215B1E6C0064A288 /* Actions.sks */; };
		DB94E0B3215B1E6C0064A288 /* GameScene.swift in Sources */ = {isa = PBXBuildFile; fileRef = DB94E0B2215B1E6C0064A288 /* GameScene.swift */; };
		DB94E0B5215B1E6C0064A288 /* GameViewController.swift in Sources */ = {isa = PBXBuildFile; fileRef = DB94E0B4215B1E6C0064A288 /* GameViewController.swift */; };
		DB94E0B8215B1E6C0064A288 /* Main.storyboard in Resources */ = {isa = PBXBuildFile; fileRef = DB94E0B6215B1E6C0064A288 /* Main.storyboard */; };
		DB94E0BA215B1E6D0064A288 /* Assets.xcassets in Resources */ = {isa = PBXBuildFile; fileRef = DB94E0B9215B1E6D0064A288 /* Assets.xcassets */; };
		DB94E0BD215B1E6D0064A288 /* LaunchScreen.storyboard in Resources */ = {isa = PBXBuildFile; fileRef = DB94E0BB215B1E6D0064A288 /* LaunchScreen.storyboard */; };
		DB94E0C8215B1E6D0064A288 /* ElonGameTests.swift in Sources */ = {isa = PBXBuildFile; fileRef = DB94E0C7215B1E6D0064A288 /* ElonGameTests.swift */; };
		DB94E0D3215B1E6D0064A288 /* ElonGameUITests.swift in Sources */ = {isa = PBXBuildFile; fileRef = DB94E0D2215B1E6D0064A288 /* ElonGameUITests.swift */; };
/* End PBXBuildFile section */

/* Begin PBXContainerItemProxy section */
		DB94E0C4215B1E6D0064A288 /* PBXContainerItemProxy */ = {
			isa = PBXContainerItemProxy;
			containerPortal = DB94E0A1215B1E6C0064A288 /* Project object */;
			proxyType = 1;
			remoteGlobalIDString = DB94E0A8215B1E6C0064A288;
			remoteInfo = ElonGame;
		};
		DB94E0CF215B1E6D0064A288 /* PBXContainerItemProxy */ = {
			isa = PBXContainerItemProxy;
			containerPortal = DB94E0A1215B1E6C0064A288 /* Project object */;
			proxyType = 1;
			remoteGlobalIDString = DB94E0A8215B1E6C0064A288;
			remoteInfo = ElonGame;
		};
/* End PBXContainerItemProxy section */

/* Begin PBXFileReference section */
		DB94E0A9215B1E6C0064A288 /* ElonGame.app */ = {isa = PBXFileReference; explicitFileType = wrapper.application; includeInIndex = 0; path = ElonGame.app; sourceTree = BUILT_PRODUCTS_DIR; };
		DB94E0AC215B1E6C0064A288 /* AppDelegate.swift */ = {isa = PBXFileReference; lastKnownFileType = sourcecode.swift; path = AppDelegate.swift; sourceTree = "<group>"; };
		DB94E0AE215B1E6C0064A288 /* GameScene.sks */ = {isa = PBXFileReference; lastKnownFileType = file.sks; path = GameScene.sks; sourceTree = "<group>"; };
		DB94E0B0215B1E6C0064A288 /* Actions.sks */ = {isa = PBXFileReference; lastKnownFileType = file.sks; path = Actions.sks; sourceTree = "<group>"; };
		DB94E0B2215B1E6C0064A288 /* GameScene.swift */ = {isa = PBXFileReference; lastKnownFileType = sourcecode.swift; path = GameScene.swift; sourceTree = "<group>"; };
		DB94E0B4215B1E6C0064A288 /* GameViewController.swift */ = {isa = PBXFileReference; lastKnownFileType = sourcecode.swift; path = GameViewController.swift; sourceTree = "<group>"; };
		DB94E0B7215B1E6C0064A288 /* Base */ = {isa = PBXFileReference; lastKnownFileType = file.storyboard; name = Base; path = Base.lproj/Main.storyboard; sourceTree = "<group>"; };
		DB94E0B9215B1E6D0064A288 /* Assets.xcassets */ = {isa = PBXFileReference; lastKnownFileType = folder.assetcatalog; path = Assets.xcassets; sourceTree = "<group>"; };
		DB94E0BC215B1E6D0064A288 /* Base */ = {isa = PBXFileReference; lastKnownFileType = file.storyboard; name = Base; path = Base.lproj/LaunchScreen.storyboard; sourceTree = "<group>"; };
		DB94E0BE215B1E6D0064A288 /* Info.plist */ = {isa = PBXFileReference; lastKnownFileType = text.plist.xml; path = Info.plist; sourceTree = "<group>"; };
		DB94E0C3215B1E6D0064A288 /* ElonGameTests.xctest */ = {isa = PBXFileReference; explicitFileType = wrapper.cfbundle; includeInIndex = 0; path = ElonGameTests.xctest; sourceTree = BUILT_PRODUCTS_DIR; };
		DB94E0C7215B1E6D0064A288 /* ElonGameTests.swift */ = {isa = PBXFileReference; lastKnownFileType = sourcecode.swift; path = ElonGameTests.swift; sourceTree = "<group>"; };
		DB94E0C9215B1E6D0064A288 /* Info.plist */ = {isa = PBXFileReference; lastKnownFileType = text.plist.xml; path = Info.plist; sourceTree = "<group>"; };
		DB94E0CE215B1E6D0064A288 /* ElonGameUITests.xctest */ = {isa = PBXFileReference; explicitFileType = wrapper.cfbundle; includeInIndex = 0; path = ElonGameUITests.xctest; sourceTree = BUILT_PRODUCTS_DIR; };
		DB94E0D2215B1E6D0064A288 /* ElonGameUITests.swift */ = {isa = PBXFileReference; lastKnownFileType = sourcecode.swift; path = ElonGameUITests.swift; sourceTree = "<group>"; };
		DB94E0D4215B1E6D0064A288 /* Info.plist */ = {isa = PBXFileReference; lastKnownFileType = text.plist.xml; path = Info.plist; sourceTree = "<group>"; };
/* End PBXFileReference section */

/* Begin PBXFrameworksBuildPhase section */
		DB94E0A6215B1E6C0064A288 /* Frameworks */ = {
			isa = PBXFrameworksBuildPhase;
			buildActionMask = 2147483647;
			files = (
			);
			runOnlyForDeploymentPostprocessing = 0;
		};
		DB94E0C0215B1E6D0064A288 /* Frameworks */ = {
			isa = PBXFrameworksBuildPhase;
			buildActionMask = 2147483647;
			files = (
			);
			runOnlyForDeploymentPostprocessing = 0;
		};
		DB94E0CB215B1E6D0064A288 /* Frameworks */ = {
			isa = PBXFrameworksBuildPhase;
			buildActionMask = 2147483647;
			files = (
			);
			runOnlyForDeploymentPostprocessing = 0;
		};
/* End PBXFrameworksBuildPhase section */

/* Begin PBXGroup section */
		DB94E0A0215B1E6C0064A288 = {
			isa = PBXGroup;
			children = (
				DB94E0AB215B1E6C0064A288 /* ElonGame */,
				DB94E0C6215B1E6D0064A288 /* ElonGameTests */,
				DB94E0D1215B1E6D0064A288 /* ElonGameUITests */,
				DB94E0AA215B1E6C0064A288 /* Products */,
			);
			sourceTree = "<group>";
		};
		DB94E0AA215B1E6C0064A288 /* Products */ = {
			isa = PBXGroup;
			children = (
				DB94E0A9215B1E6C0064A288 /* ElonGame.app */,
				DB94E0C3215B1E6D0064A288 /* ElonGameTests.xctest */,
				DB94E0CE215B1E6D0064A288 /* ElonGameUITests.xctest */,
			);
			name = Products;
			sourceTree = "<group>";
		};
		DB94E0AB215B1E6C0064A288 /* ElonGame */ = {
			isa = PBXGroup;
			children = (
				DB94E0AC215B1E6C0064A288 /* AppDelegate.swift */,
				DB94E0AE215B1E6C0064A288 /* GameScene.sks */,
				DB94E0B0215B1E6C0064A288 /* Actions.sks */,
				DB94E0B2215B1E6C0064A288 /* GameScene.swift */,
				DB94E0B4215B1E6C0064A288 /* GameViewController.swift */,
				DB94E0B6215B1E6C0064A288 /* Main.storyboard */,
				DB94E0B9215B1E6D0064A288 /* Assets.xcassets */,
				DB94E0BB215B1E6D0064A288 /* LaunchScreen.storyboard */,
				DB94E0BE215B1E6D0064A288 /* Info.plist */,
			);
			path = ElonGame;
			sourceTree = "<group>";
		};
		DB94E0C6215B1E6D0064A288 /* ElonGameTests */ = {
			isa = PBXGroup;
			children = (
				DB94E0C7215B1E6D0064A288 /* ElonGameTests.swift */,
				DB94E0C9215B1E6D0064A288 /* Info.plist */,
			);
			path = ElonGameTests;
			sourceTree = "<group>";
		};
		DB94E0D1215B1E6D0064A288 /* ElonGameUITests */ = {
			isa = PBXGroup;
			children = (
				DB94E0D2215B1E6D0064A288 /* ElonGameUITests.swift */,
				DB94E0D4215B1E6D0064A288 /* Info.plist */,
			);
			path = ElonGameUITests;
			sourceTree = "<group>";
		};
/* End PBXGroup section */

/* Begin PBXNativeTarget section */
		DB94E0A8215B1E6C0064A288 /* ElonGame */ = {
			isa = PBXNativeTarget;
			buildConfigurationList = DB94E0D7215B1E6D0064A288 /* Build configuration list for PBXNativeTarget "ElonGame" */;
			buildPhases = (
				DB94E0A5215B1E6C0064A288 /* Sources */,
				DB94E0A6215B1E6C0064A288 /* Frameworks */,
				DB94E0A7215B1E6C0064A288 /* Resources */,
			);
			buildRules = (
			);
			dependencies = (
			);
			name = ElonGame;
			productName = ElonGame;
			productReference = DB94E0A9215B1E6C0064A288 /* ElonGame.app */;
			productType = "com.apple.product-type.application";
		};
		DB94E0C2215B1E6D0064A288 /* ElonGameTests */ = {
			isa = PBXNativeTarget;
			buildConfigurationList = DB94E0DA215B1E6D0064A288 /* Build configuration list for PBXNativeTarget "ElonGameTests" */;
			buildPhases = (
				DB94E0BF215B1E6D0064A288 /* Sources */,
				DB94E0C0215B1E6D0064A288 /* Frameworks */,
				DB94E0C1215B1E6D0064A288 /* Resources */,
			);
			buildRules = (
			);
			dependencies = (
				DB94E0C5215B1E6D0064A288 /* PBXTargetDependency */,
			);
			name = ElonGameTests;
			productName = ElonGameTests;
			productReference = DB94E0C3215B1E6D0064A288 /* ElonGameTests.xctest */;
			productType = "com.apple.product-type.bundle.unit-test";
		};
		DB94E0CD215B1E6D0064A288 /* ElonGameUITests */ = {
			isa = PBXNativeTarget;
			buildConfigurationList = DB94E0DD215B1E6D0064A288 /* Build configuration list for PBXNativeTarget "ElonGameUITests" */;
			buildPhases = (
				DB94E0CA215B1E6D0064A288 /* Sources */,
				DB94E0CB215B1E6D0064A288 /* Frameworks */,
				DB94E0CC215B1E6D0064A288 /* Resources */,
			);
			buildRules = (
			);
			dependencies = (
				DB94E0D0215B1E6D0064A288 /* PBXTargetDependency */,
			);
			name = ElonGameUITests;
			productName = ElonGameUITests;
			productReference = DB94E0CE215B1E6D0064A288 /* ElonGameUITests.xctest */;
			productType = "com.apple.product-type.bundle.ui-testing";
		};
/* End PBXNativeTarget section */

/* Begin PBXProject section */
		DB94E0A1215B1E6C0064A288 /* Project object */ = {
			isa = PBXProject;
			attributes = {
				LastSwiftUpdateCheck = 1000;
				LastUpgradeCheck = 1000;
				ORGANIZATIONNAME = "Weijie Lin";
				TargetAttributes = {
					DB94E0A8215B1E6C0064A288 = {
						CreatedOnToolsVersion = 10.0;
					};
					DB94E0C2215B1E6D0064A288 = {
						CreatedOnToolsVersion = 10.0;
						TestTargetID = DB94E0A8215B1E6C0064A288;
					};
					DB94E0CD215B1E6D0064A288 = {
						CreatedOnToolsVersion = 10.0;
						TestTargetID = DB94E0A8215B1E6C0064A288;
					};
				};
			};
			buildConfigurationList = DB94E0A4215B1E6C0064A288 /* Build configuration list for PBXProject "ElonGame" */;
			compatibilityVersion = "Xcode 9.3";
			developmentRegion = en;
			hasScannedForEncodings = 0;
			knownRegions = (
				en,
				Base,
			);
			mainGroup = DB94E0A0215B1E6C0064A288;
			productRefGroup = DB94E0AA215B1E6C0064A288 /* Products */;
			projectDirPath = "";
			projectRoot = "";
			targets = (
				DB94E0A8215B1E6C0064A288 /* ElonGame */,
				DB94E0C2215B1E6D0064A288 /* ElonGameTests */,
				DB94E0CD215B1E6D0064A288 /* ElonGameUITests */,
			);
		};
/* End PBXProject section */

/* Begin PBXResourcesBuildPhase section */
		DB94E0A7215B1E6C0064A288 /* Resources */ = {
			isa = PBXResourcesBuildPhase;
			buildActionMask = 2147483647;
			files = (
				DB94E0B8215B1E6C0064A288 /* Main.storyboard in Resources */,
				DB94E0AF215B1E6C0064A288 /* GameScene.sks in Resources */,
				DB94E0BA215B1E6D0064A288 /* Assets.xcassets in Resources */,
				DB94E0BD215B1E6D0064A288 /* LaunchScreen.storyboard in Resources */,
				DB94E0B1215B1E6C0064A288 /* Actions.sks in Resources */,
			);
			runOnlyForDeploymentPostprocessing = 0;
		};
		DB94E0C1215B1E6D0064A288 /* Resources */ = {
			isa = PBXResourcesBuildPhase;
			buildActionMask = 2147483647;
			files = (
			);
			runOnlyForDeploymentPostprocessing = 0;
		};
		DB94E0CC215B1E6D0064A288 /* Resources */ = {
			isa = PBXResourcesBuildPhase;
			buildActionMask = 2147483647;
			files = (
			);
			runOnlyForDeploymentPostprocessing = 0;
		};
/* End PBXResourcesBuildPhase section */

/* Begin PBXSourcesBuildPhase section */
		DB94E0A5215B1E6C0064A288 /* Sources */ = {
			isa = PBXSourcesBuildPhase;
			buildActionMask = 2147483647;
			files = (
				DB94E0B3215B1E6C0064A288 /* GameScene.swift in Sources */,
				DB94E0B5215B1E6C0064A288 /* GameViewController.swift in Sources */,
				DB94E0AD215B1E6C0064A288 /* AppDelegate.swift in Sources */,
			);
			runOnlyForDeploymentPostprocessing = 0;
		};
		DB94E0BF215B1E6D0064A288 /* Sources */ = {
			isa = PBXSourcesBuildPhase;
			buildActionMask = 2147483647;
			files = (
				DB94E0C8215B1E6D0064A288 /* ElonGameTests.swift in Sources */,
			);
			runOnlyForDeploymentPostprocessing = 0;
		};
		DB94E0CA215B1E6D0064A288 /* Sources */ = {
			isa = PBXSourcesBuildPhase;
			buildActionMask = 2147483647;
			files = (
				DB94E0D3215B1E6D0064A288 /* ElonGameUITests.swift in Sources */,
			);
			runOnlyForDeploymentPostprocessing = 0;
		};
/* End PBXSourcesBuildPhase section */

/* Begin PBXTargetDependency section */
		DB94E0C5215B1E6D0064A288 /* PBXTargetDependency */ = {
			isa = PBXTargetDependency;
			target = DB94E0A8215B1E6C0064A288 /* ElonGame */;
			targetProxy = DB94E0C4215B1E6D0064A288 /* PBXContainerItemProxy */;
		};
		DB94E0D0215B1E6D0064A288 /* PBXTargetDependency */ = {
			isa = PBXTargetDependency;
			target = DB94E0A8215B1E6C0064A288 /* ElonGame */;
			targetProxy = DB94E0CF215B1E6D0064A288 /* PBXContainerItemProxy */;
		};
/* End PBXTargetDependency section */

/* Begin PBXVariantGroup section */
		DB94E0B6215B1E6C0064A288 /* Main.storyboard */ = {
			isa = PBXVariantGroup;
			children = (
				DB94E0B7215B1E6C0064A288 /* Base */,
			);
			name = Main.storyboard;
			sourceTree = "<group>";
		};
		DB94E0BB215B1E6D0064A288 /* LaunchScreen.storyboard */ = {
			isa = PBXVariantGroup;
			children = (
				DB94E0BC215B1E6D0064A288 /* Base */,
			);
			name = LaunchScreen.storyboard;
			sourceTree = "<group>";
		};
/* End PBXVariantGroup section */

/* Begin XCBuildConfiguration section */
		DB94E0D5215B1E6D0064A288 /* Debug */ = {
			isa = XCBuildConfiguration;
			buildSettings = {
				ALWAYS_SEARCH_USER_PATHS = NO;
				CLANG_ANALYZER_NONNULL = YES;
				CLANG_ANALYZER_NUMBER_OBJECT_CONVERSION = YES_AGGRESSIVE;
				CLANG_CXX_LANGUAGE_STANDARD = "gnu++14";
				CLANG_CXX_LIBRARY = "libc++";
				CLANG_ENABLE_MODULES = YES;
				CLANG_ENABLE_OBJC_ARC = YES;
				CLANG_ENABLE_OBJC_WEAK = YES;
				CLANG_WARN_BLOCK_CAPTURE_AUTORELEASING = YES;
				CLANG_WARN_BOOL_CONVERSION = YES;
				CLANG_WARN_COMMA = YES;
				CLANG_WARN_CONSTANT_CONVERSION = YES;
				CLANG_WARN_DEPRECATED_OBJC_IMPLEMENTATIONS = YES;
				CLANG_WARN_DIRECT_OBJC_ISA_USAGE = YES_ERROR;
				CLANG_WARN_DOCUMENTATION_COMMENTS = YES;
				CLANG_WARN_EMPTY_BODY = YES;
				CLANG_WARN_ENUM_CONVERSION = YES;
				CLANG_WARN_INFINITE_RECURSION = YES;
				CLANG_WARN_INT_CONVERSION = YES;
				CLANG_WARN_NON_LITERAL_NULL_CONVERSION = YES;
				CLANG_WARN_OBJC_IMPLICIT_RETAIN_SELF = YES;
				CLANG_WARN_OBJC_LITERAL_CONVERSION = YES;
				CLANG_WARN_OBJC_ROOT_CLASS = YES_ERROR;
				CLANG_WARN_RANGE_LOOP_ANALYSIS = YES;
				CLANG_WARN_STRICT_PROTOTYPES = YES;
				CLANG_WARN_SUSPICIOUS_MOVE = YES;
				CLANG_WARN_UNGUARDED_AVAILABILITY = YES_AGGRESSIVE;
				CLANG_WARN_UNREACHABLE_CODE = YES;
				CLANG_WARN__DUPLICATE_METHOD_MATCH = YES;
				CODE_SIGN_IDENTITY = "iPhone Developer";
				COPY_PHASE_STRIP = NO;
				DEBUG_INFORMATION_FORMAT = dwarf;
				ENABLE_STRICT_OBJC_MSGSEND = YES;
				ENABLE_TESTABILITY = YES;
				GCC_C_LANGUAGE_STANDARD = gnu11;
				GCC_DYNAMIC_NO_PIC = NO;
				GCC_NO_COMMON_BLOCKS = YES;
				GCC_OPTIMIZATION_LEVEL = 0;
				GCC_PREPROCESSOR_DEFINITIONS = (
					"DEBUG=1",
					"$(inherited)",
				);
				GCC_WARN_64_TO_32_BIT_CONVERSION = YES;
				GCC_WARN_ABOUT_RETURN_TYPE = YES_ERROR;
				GCC_WARN_UNDECLARED_SELECTOR = YES;
				GCC_WARN_UNINITIALIZED_AUTOS = YES_AGGRESSIVE;
				GCC_WARN_UNUSED_FUNCTION = YES;
				GCC_WARN_UNUSED_VARIABLE = YES;
				IPHONEOS_DEPLOYMENT_TARGET = 12.0;
				MTL_ENABLE_DEBUG_INFO = INCLUDE_SOURCE;
				MTL_FAST_MATH = YES;
				ONLY_ACTIVE_ARCH = YES;
				SDKROOT = iphoneos;
				SWIFT_ACTIVE_COMPILATION_CONDITIONS = DEBUG;
				SWIFT_OPTIMIZATION_LEVEL = "-Onone";
			};
			name = Debug;
		};
		DB94E0D6215B1E6D0064A288 /* Release */ = {
			isa = XCBuildConfiguration;
			buildSettings = {
				ALWAYS_SEARCH_USER_PATHS = NO;
				CLANG_ANALYZER_NONNULL = YES;
				CLANG_ANALYZER_NUMBER_OBJECT_CONVERSION = YES_AGGRESSIVE;
				CLANG_CXX_LANGUAGE_STANDARD = "gnu++14";
				CLANG_CXX_LIBRARY = "libc++";
				CLANG_ENABLE_MODULES = YES;
				CLANG_ENABLE_OBJC_ARC = YES;
				CLANG_ENABLE_OBJC_WEAK = YES;
				CLANG_WARN_BLOCK_CAPTURE_AUTORELEASING = YES;
				CLANG_WARN_BOOL_CONVERSION = YES;
				CLANG_WARN_COMMA = YES;
				CLANG_WARN_CONSTANT_CONVERSION = YES;
				CLANG_WARN_DEPRECATED_OBJC_IMPLEMENTATIONS = YES;
				CLANG_WARN_DIRECT_OBJC_ISA_USAGE = YES_ERROR;
				CLANG_WARN_DOCUMENTATION_COMMENTS = YES;
				CLANG_WARN_EMPTY_BODY = YES;
				CLANG_WARN_ENUM_CONVERSION = YES;
				CLANG_WARN_INFINITE_RECURSION = YES;
				CLANG_WARN_INT_CONVERSION = YES;
				CLANG_WARN_NON_LITERAL_NULL_CONVERSION = YES;
				CLANG_WARN_OBJC_IMPLICIT_RETAIN_SELF = YES;
				CLANG_WARN_OBJC_LITERAL_CONVERSION = YES;
				CLANG_WARN_OBJC_ROOT_CLASS = YES_ERROR;
				CLANG_WARN_RANGE_LOOP_ANALYSIS = YES;
				CLANG_WARN_STRICT_PROTOTYPES = YES;
				CLANG_WARN_SUSPICIOUS_MOVE = YES;
				CLANG_WARN_UNGUARDED_AVAILABILITY = YES_AGGRESSIVE;
				CLANG_WARN_UNREACHABLE_CODE = YES;
				CLANG_WARN__DUPLICATE_METHOD_MATCH = YES;
				CODE_SIGN_IDENTITY = "iPhone Developer";
				COPY_PHASE_STRIP = NO;
				DEBUG_INFORMATION_FORMAT = "dwarf-with-dsym";
				ENABLE_NS_ASSERTIONS = NO;
				ENABLE_STRICT_OBJC_MSGSEND = YES;
				GCC_C_LANGUAGE_STANDARD = gnu11;
				GCC_NO_COMMON_BLOCKS = YES;
				GCC_WARN_64_TO_32_BIT_CONVERSION = YES;
				GCC_WARN_ABOUT_RETURN_TYPE = YES_ERROR;
				GCC_WARN_UNDECLARED_SELECTOR = YES;
				GCC_WARN_UNINITIALIZED_AUTOS = YES_AGGRESSIVE;
				GCC_WARN_UNUSED_FUNCTION = YES;
				GCC_WARN_UNUSED_VARIABLE = YES;
				IPHONEOS_DEPLOYMENT_TARGET = 12.0;
				MTL_ENABLE_DEBUG_INFO = NO;
				MTL_FAST_MATH = YES;
				SDKROOT = iphoneos;
				SWIFT_COMPILATION_MODE = wholemodule;
				SWIFT_OPTIMIZATION_LEVEL = "-O";
				VALIDATE_PRODUCT = YES;
			};
			name = Release;
		};
		DB94E0D8215B1E6D0064A288 /* Debug */ = {
			isa = XCBuildConfiguration;
			buildSettings = {
				ASSETCATALOG_COMPILER_APPICON_NAME = AppIcon;
				CODE_SIGN_STYLE = Automatic;
				DEVELOPMENT_TEAM = ZPWDFT65EV;
				INFOPLIST_FILE = ElonGame/Info.plist;
				LD_RUNPATH_SEARCH_PATHS = (
					"$(inherited)",
					"@executable_path/Frameworks",
				);
				PRODUCT_BUNDLE_IDENTIFIER = me.weijielin.ElonGame;
				PRODUCT_NAME = "$(TARGET_NAME)";
				SWIFT_VERSION = 4.2;
				TARGETED_DEVICE_FAMILY = "1,2";
			};
			name = Debug;
		};
		DB94E0D9215B1E6D0064A288 /* Release */ = {
			isa = XCBuildConfiguration;
			buildSettings = {
				ASSETCATALOG_COMPILER_APPICON_NAME = AppIcon;
				CODE_SIGN_STYLE = Automatic;
				DEVELOPMENT_TEAM = ZPWDFT65EV;
				INFOPLIST_FILE = ElonGame/Info.plist;
				LD_RUNPATH_SEARCH_PATHS = (
					"$(inherited)",
					"@executable_path/Frameworks",
				);
				PRODUCT_BUNDLE_IDENTIFIER = me.weijielin.ElonGame;
				PRODUCT_NAME = "$(TARGET_NAME)";
				SWIFT_VERSION = 4.2;
				TARGETED_DEVICE_FAMILY = "1,2";
			};
			name = Release;
		};
		DB94E0DB215B1E6D0064A288 /* Debug */ = {
			isa = XCBuildConfiguration;
			buildSettings = {
				ALWAYS_EMBED_SWIFT_STANDARD_LIBRARIES = YES;
				BUNDLE_LOADER = "$(TEST_HOST)";
				CODE_SIGN_STYLE = Automatic;
				DEVELOPMENT_TEAM = ZPWDFT65EV;
				INFOPLIST_FILE = ElonGameTests/Info.plist;
				LD_RUNPATH_SEARCH_PATHS = (
					"$(inherited)",
					"@executable_path/Frameworks",
					"@loader_path/Frameworks",
				);
				PRODUCT_BUNDLE_IDENTIFIER = me.weijielin.ElonGameTests;
				PRODUCT_NAME = "$(TARGET_NAME)";
				SWIFT_VERSION = 4.2;
				TARGETED_DEVICE_FAMILY = "1,2";
				TEST_HOST = "$(BUILT_PRODUCTS_DIR)/ElonGame.app/ElonGame";
			};
			name = Debug;
		};
		DB94E0DC215B1E6D0064A288 /* Release */ = {
			isa = XCBuildConfiguration;
			buildSettings = {
				ALWAYS_EMBED_SWIFT_STANDARD_LIBRARIES = YES;
				BUNDLE_LOADER = "$(TEST_HOST)";
				CODE_SIGN_STYLE = Automatic;
				DEVELOPMENT_TEAM = ZPWDFT65EV;
				INFOPLIST_FILE = ElonGameTests/Info.plist;
				LD_RUNPATH_SEARCH_PATHS = (
					"$(inherited)",
					"@executable_path/Frameworks",
					"@loader_path/Frameworks",
				);
				PRODUCT_BUNDLE_IDENTIFIER = me.weijielin.ElonGameTests;
				PRODUCT_NAME = "$(TARGET_NAME)";
				SWIFT_VERSION = 4.2;
				TARGETED_DEVICE_FAMILY = "1,2";
				TEST_HOST = "$(BUILT_PRODUCTS_DIR)/ElonGame.app/ElonGame";
			};
			name = Release;
		};
		DB94E0DE215B1E6D0064A288 /* Debug */ = {
			isa = XCBuildConfiguration;
			buildSettings = {
				ALWAYS_EMBED_SWIFT_STANDARD_LIBRARIES = YES;
				CODE_SIGN_STYLE = Automatic;
				DEVELOPMENT_TEAM = ZPWDFT65EV;
				INFOPLIST_FILE = ElonGameUITests/Info.plist;
				LD_RUNPATH_SEARCH_PATHS = (
					"$(inherited)",
					"@executable_path/Frameworks",
					"@loader_path/Frameworks",
				);
				PRODUCT_BUNDLE_IDENTIFIER = me.weijielin.ElonGameUITests;
				PRODUCT_NAME = "$(TARGET_NAME)";
				SWIFT_VERSION = 4.2;
				TARGETED_DEVICE_FAMILY = "1,2";
				TEST_TARGET_NAME = ElonGame;
			};
			name = Debug;
		};
		DB94E0DF215B1E6D0064A288 /* Release */ = {
			isa = XCBuildConfiguration;
			buildSettings = {
				ALWAYS_EMBED_SWIFT_STANDARD_LIBRARIES = YES;
				CODE_SIGN_STYLE = Automatic;
				DEVELOPMENT_TEAM = ZPWDFT65EV;
				INFOPLIST_FILE = ElonGameUITests/Info.plist;
				LD_RUNPATH_SEARCH_PATHS = (
					"$(inherited)",
					"@executable_path/Frameworks",
					"@loader_path/Frameworks",
				);
				PRODUCT_BUNDLE_IDENTIFIER = me.weijielin.ElonGameUITests;
				PRODUCT_NAME = "$(TARGET_NAME)";
				SWIFT_VERSION = 4.2;
				TARGETED_DEVICE_FAMILY = "1,2";
				TEST_TARGET_NAME = ElonGame;
			};
			name = Release;
		};
/* End XCBuildConfiguration section */

/* Begin XCConfigurationList section */
		DB94E0A4215B1E6C0064A288 /* Build configuration list for PBXProject "ElonGame" */ = {
			isa = XCConfigurationList;
			buildConfigurations = (
				DB94E0D5215B1E6D0064A288 /* Debug */,
				DB94E0D6215B1E6D0064A288 /* Release */,
			);
			defaultConfigurationIsVisible = 0;
			defaultConfigurationName = Release;
		};
		DB94E0D7215B1E6D0064A288 /* Build configuration list for PBXNativeTarget "ElonGame" */ = {
			isa = XCConfigurationList;
			buildConfigurations = (
				DB94E0D8215B1E6D0064A288 /* Debug */,
				DB94E0D9215B1E6D0064A288 /* Release */,
			);
			defaultConfigurationIsVisible = 0;
			defaultConfigurationName = Release;
		};
		DB94E0DA215B1E6D0064A288 /* Build configuration list for PBXNativeTarget "ElonGameTests" */ = {
			isa = XCConfigurationList;
			buildConfigurations = (
				DB94E0DB215B1E6D0064A288 /* Debug */,
				DB94E0DC215B1E6D0064A288 /* Release */,
			);
			defaultConfigurationIsVisible = 0;
			defaultConfigurationName = Release;
		};
		DB94E0DD215B1E6D0064A288 /* Build configuration list for PBXNativeTarget "ElonGameUITests" */ = {
			isa = XCConfigurationList;
			buildConfigurations = (
				DB94E0DE215B1E6D0064A288 /* Debug */,
				DB94E0DF215B1E6D0064A288 /* Release */,
			);
			defaultConfigurationIsVisible = 0;
			defaultConfigurationName = Release;
		};
/* End XCConfigurationList section */
	};
	rootObject = DB94E0A1215B1E6C0064A288 /* Project object */;
}
